{
  "name": "Haal-Centraal-Web-Security",
  "version": "1.0.0",
  "lockfileVersion": 2,
  "requires": true,
  "packages": {
    "": {
      "version": "1.0.0",
      "license": "ISC",
      "devDependencies": {
        "mvn-dl": "^5.1.1"
      }
    },
    "node_modules/docopt": {
      "version": "0.6.2",
      "resolved": "https://registry.npmjs.org/docopt/-/docopt-0.6.2.tgz",
      "integrity": "sha1-so6eIiDaXsSffqW7JKR3h0Be6xE=",
      "dev": true,
      "engines": {
        "node": ">=0.10.0"
      }
    },
    "node_modules/mvn-artifact-download": {
      "version": "5.1.1",
      "resolved": "https://registry.npmjs.org/mvn-artifact-download/-/mvn-artifact-download-5.1.1.tgz",
      "integrity": "sha512-o15K7Ndt00YCgYVrJ1jLUVludmGh/kkLawJxt1cc+2gKaYjdVdPZ3uerWSelnnPEmhwbeG05RzVbBlrKHFzBXQ==",
      "dev": true,
      "dependencies": {
        "mvn-artifact-filename": "^5.1.0",
        "mvn-artifact-name-parser": "^5.0.1",
        "mvn-artifact-url": "^5.1.1",
        "node-fetch": "^2.6.0"
      },
      "engines": {
        "node": ">=8"
      }
    },
    "node_modules/mvn-artifact-filename": {
      "version": "5.1.0",
      "resolved": "https://registry.npmjs.org/mvn-artifact-filename/-/mvn-artifact-filename-5.1.0.tgz",
      "integrity": "sha512-HgChSCBgeTQhWw4ELf0SDIyE8eok2A328aPq6BkPbJc5Pv9HNoREwhw887LnNXpNKty+xaE84DR3IguW+ct5Zw==",
      "dev": true,
      "engines": {
        "node": ">=8"
      }
    },
    "node_modules/mvn-artifact-name-parser": {
      "version": "5.0.1",
      "resolved": "https://registry.npmjs.org/mvn-artifact-name-parser/-/mvn-artifact-name-parser-5.0.1.tgz",
      "integrity": "sha512-CyWPiWAe3Ubnf9joDLg9cIYoGu/QZXg926qXtohXdx/B/ZHTG/hXwtKt/vmezRw68irmUxAYRYCQCuolmgNLAA==",
      "dev": true,
      "engines": {
        "node": ">=8"
      }
    },
    "node_modules/mvn-artifact-url": {
      "version": "5.1.1",
      "resolved": "https://registry.npmjs.org/mvn-artifact-url/-/mvn-artifact-url-5.1.1.tgz",
      "integrity": "sha512-vtVMlWaLcXkiKnc/YSE3azKwfxDCMdwoaHSb7Yj5lcX0yEsC+VwKI49V7+Rvl261BjNQrm2MzJ5NbmDxRaQJZw==",
      "dev": true,
      "dependencies": {
        "mvn-artifact-filename": "^5.1.0",
        "node-fetch": "^2.6.0",
        "xml2js": "^0.4.23"
      },
      "engines": {
        "node": ">=8"
      }
    },
    "node_modules/mvn-dl": {
      "version": "5.1.1",
      "resolved": "https://registry.npmjs.org/mvn-dl/-/mvn-dl-5.1.1.tgz",
      "integrity": "sha512-p6l2YrJewUU48Sz0kjkdstHUPE9frGzH4zHPf0UJpnvcc0Sbhxbf2IiAW5sXJiK3LWHGLA779xLpewi2Lr73Cw==",
      "dev": true,
      "dependencies": {
        "docopt": "^0.6.2",
        "mvn-artifact-download": "^5.1.1"
      },
      "bin": {
        "mvn-dl": "lib/cli.js"
      },
      "engines": {
        "node": ">=6"
      }
    },
    "node_modules/node-fetch": {
      "version": "2.6.1",
      "resolved": "https://registry.npmjs.org/node-fetch/-/node-fetch-2.6.1.tgz",
      "integrity": "sha512-V4aYg89jEoVRxRb2fJdAg8FHvI7cEyYdVAh94HH0UIK8oJxUfkjlDQN9RbMx+bEjP7+ggMiFRprSti032Oipxw==",
      "dev": true,
      "engines": {
        "node": "4.x || >=6.0.0"
      }
    },
    "node_modules/sax": {
      "version": "1.2.4",
      "resolved": "https://registry.npmjs.org/sax/-/sax-1.2.4.tgz",
      "integrity": "sha512-NqVDv9TpANUjFm0N8uM5GxL36UgKi9/atZw+x7YFnQ8ckwFGKrl4xX4yWtrey3UJm5nP1kUbnYgLopqWNSRhWw==",
      "dev": true
    },
    "node_modules/xml2js": {
      "version": "0.4.23",
      "resolved": "https://registry.npmjs.org/xml2js/-/xml2js-0.4.23.tgz",
      "integrity": "sha512-ySPiMjM0+pLDftHgXY4By0uswI3SPKLDw/i3UXbnO8M/p28zqexCUoPmQFrYD+/1BzhGJSs2i1ERWKJAtiLrug==",
      "dev": true,
      "dependencies": {
        "sax": ">=0.6.0",
        "xmlbuilder": "~11.0.0"
      },
      "engines": {
        "node": ">=4.0.0"
      }
    },
    "node_modules/xmlbuilder": {
      "version": "11.0.1",
      "resolved": "https://registry.npmjs.org/xmlbuilder/-/xmlbuilder-11.0.1.tgz",
      "integrity": "sha512-fDlsI/kFEx7gLvbecc0/ohLG50fugQp8ryHzMTuW9vSa1GJ0XYWKnhsUx7oie3G98+r56aTQIUB4kht42R3JvA==",
      "dev": true,
      "engines": {
        "node": ">=4.0"
      }
    }
  },
  "dependencies": {
    "docopt": {
      "version": "0.6.2",
      "resolved": "https://registry.npmjs.org/docopt/-/docopt-0.6.2.tgz",
      "integrity": "sha1-so6eIiDaXsSffqW7JKR3h0Be6xE=",
      "dev": true
    },
    "mvn-artifact-download": {
      "version": "5.1.1",
      "resolved": "https://registry.npmjs.org/mvn-artifact-download/-/mvn-artifact-download-5.1.1.tgz",
      "integrity": "sha512-o15K7Ndt00YCgYVrJ1jLUVludmGh/kkLawJxt1cc+2gKaYjdVdPZ3uerWSelnnPEmhwbeG05RzVbBlrKHFzBXQ==",
      "dev": true,
      "requires": {
        "mvn-artifact-filename": "^5.1.0",
        "mvn-artifact-name-parser": "^5.0.1",
        "mvn-artifact-url": "^5.1.1",
        "node-fetch": "^2.6.0"
      }
    },
    "mvn-artifact-filename": {
      "version": "5.1.0",
      "resolved": "https://registry.npmjs.org/mvn-artifact-filename/-/mvn-artifact-filename-5.1.0.tgz",
      "integrity": "sha512-HgChSCBgeTQhWw4ELf0SDIyE8eok2A328aPq6BkPbJc5Pv9HNoREwhw887LnNXpNKty+xaE84DR3IguW+ct5Zw==",
      "dev": true
    },
    "mvn-artifact-name-parser": {
      "version": "5.0.1",
      "resolved": "https://registry.npmjs.org/mvn-artifact-name-parser/-/mvn-artifact-name-parser-5.0.1.tgz",
      "integrity": "sha512-CyWPiWAe3Ubnf9joDLg9cIYoGu/QZXg926qXtohXdx/B/ZHTG/hXwtKt/vmezRw68irmUxAYRYCQCuolmgNLAA==",
      "dev": true
    },
    "mvn-artifact-url": {
      "version": "5.1.1",
      "resolved": "https://registry.npmjs.org/mvn-artifact-url/-/mvn-artifact-url-5.1.1.tgz",
      "integrity": "sha512-vtVMlWaLcXkiKnc/YSE3azKwfxDCMdwoaHSb7Yj5lcX0yEsC+VwKI49V7+Rvl261BjNQrm2MzJ5NbmDxRaQJZw==",
      "dev": true,
      "requires": {
        "mvn-artifact-filename": "^5.1.0",
        "node-fetch": "^2.6.0",
        "xml2js": "^0.4.23"
      }
    },
    "mvn-dl": {
      "version": "5.1.1",
      "resolved": "https://registry.npmjs.org/mvn-dl/-/mvn-dl-5.1.1.tgz",
      "integrity": "sha512-p6l2YrJewUU48Sz0kjkdstHUPE9frGzH4zHPf0UJpnvcc0Sbhxbf2IiAW5sXJiK3LWHGLA779xLpewi2Lr73Cw==",
      "dev": true,
      "requires": {
        "docopt": "^0.6.2",
        "mvn-artifact-download": "^5.1.1"
      }
    },
    "node-fetch": {
      "version": "2.6.1",
      "resolved": "https://registry.npmjs.org/node-fetch/-/node-fetch-2.6.1.tgz",
      "integrity": "sha512-V4aYg89jEoVRxRb2fJdAg8FHvI7cEyYdVAh94HH0UIK8oJxUfkjlDQN9RbMx+bEjP7+ggMiFRprSti032Oipxw==",
      "dev": true
    },
    "sax": {
      "version": "1.2.4",
      "resolved": "https://registry.npmjs.org/sax/-/sax-1.2.4.tgz",
      "integrity": "sha512-NqVDv9TpANUjFm0N8uM5GxL36UgKi9/atZw+x7YFnQ8ckwFGKrl4xX4yWtrey3UJm5nP1kUbnYgLopqWNSRhWw==",
      "dev": true
    },
    "xml2js": {
      "version": "0.4.23",
      "resolved": "https://registry.npmjs.org/xml2js/-/xml2js-0.4.23.tgz",
      "integrity": "sha512-ySPiMjM0+pLDftHgXY4By0uswI3SPKLDw/i3UXbnO8M/p28zqexCUoPmQFrYD+/1BzhGJSs2i1ERWKJAtiLrug==",
      "dev": true,
      "requires": {
        "sax": ">=0.6.0",
        "xmlbuilder": "~11.0.0"
      }
    },
    "xmlbuilder": {
      "version": "11.0.1",
      "resolved": "https://registry.npmjs.org/xmlbuilder/-/xmlbuilder-11.0.1.tgz",
      "integrity": "sha512-fDlsI/kFEx7gLvbecc0/ohLG50fugQp8ryHzMTuW9vSa1GJ0XYWKnhsUx7oie3G98+r56aTQIUB4kht42R3JvA==",
      "dev": true
    }
  }
}
